// !$*UTF8*$!
{
	archiveVersion = 1;
	classes = {
	};
	objectVersion = 56;
	objects = {

/* Begin PBXBuildFile section */
		540CBA865D4DCA154C375197 /* Pods_RockPaperScissors.framework in Frameworks */ = {isa = PBXBuildFile; fileRef = E56B1E9CA060FF578DF84464 /* Pods_RockPaperScissors.framework */; };
		A5323BC02ADABE3300F0A9D8 /* AppDelegate.swift in Sources */ = {isa = PBXBuildFile; fileRef = A5323BBF2ADABE3300F0A9D8 /* AppDelegate.swift */; };
		A5323BC22ADABE3300F0A9D8 /* SceneDelegate.swift in Sources */ = {isa = PBXBuildFile; fileRef = A5323BC12ADABE3300F0A9D8 /* SceneDelegate.swift */; };
		A5323BC42ADABE3300F0A9D8 /* ViewController.swift in Sources */ = {isa = PBXBuildFile; fileRef = A5323BC32ADABE3300F0A9D8 /* ViewController.swift */; };
		A5323BC72ADABE3300F0A9D8 /* Main.storyboard in Resources */ = {isa = PBXBuildFile; fileRef = A5323BC52ADABE3300F0A9D8 /* Main.storyboard */; };
		A5323BC92ADABE3400F0A9D8 /* Assets.xcassets in Resources */ = {isa = PBXBuildFile; fileRef = A5323BC82ADABE3400F0A9D8 /* Assets.xcassets */; };
		A5323BCC2ADABE3400F0A9D8 /* LaunchScreen.storyboard in Resources */ = {isa = PBXBuildFile; fileRef = A5323BCA2ADABE3400F0A9D8 /* LaunchScreen.storyboard */; };
		A5323BD42ADACF9100F0A9D8 /* GameState.swift in Sources */ = {isa = PBXBuildFile; fileRef = A5323BD32ADACF9100F0A9D8 /* GameState.swift */; };
		A5323BD62ADACFA500F0A9D8 /* Sign.swift in Sources */ = {isa = PBXBuildFile; fileRef = A5323BD52ADACFA500F0A9D8 /* Sign.swift */; };
		A5323BD82ADADC7C00F0A9D8 /* ResultViewController.swift in Sources */ = {isa = PBXBuildFile; fileRef = A5323BD72ADADC7C00F0A9D8 /* ResultViewController.swift */; };
		A5323BDC2ADAF38200F0A9D8 /* RatingViewController.swift in Sources */ = {isa = PBXBuildFile; fileRef = A5323BDB2ADAF38200F0A9D8 /* RatingViewController.swift */; };
/* End PBXBuildFile section */

/* Begin PBXFileReference section */
		0BF868AB4813FACC9C19B5F9 /* Pods-RockPaperScissors.release.xcconfig */ = {isa = PBXFileReference; includeInIndex = 1; lastKnownFileType = text.xcconfig; name = "Pods-RockPaperScissors.release.xcconfig"; path = "Target Support Files/Pods-RockPaperScissors/Pods-RockPaperScissors.release.xcconfig"; sourceTree = "<group>"; };
		A5323BBC2ADABE3300F0A9D8 /* RockPaperScissors.app */ = {isa = PBXFileReference; explicitFileType = wrapper.application; includeInIndex = 0; path = RockPaperScissors.app; sourceTree = BUILT_PRODUCTS_DIR; };
		A5323BBF2ADABE3300F0A9D8 /* AppDelegate.swift */ = {isa = PBXFileReference; lastKnownFileType = sourcecode.swift; path = AppDelegate.swift; sourceTree = "<group>"; };
		A5323BC12ADABE3300F0A9D8 /* SceneDelegate.swift */ = {isa = PBXFileReference; lastKnownFileType = sourcecode.swift; path = SceneDelegate.swift; sourceTree = "<group>"; };
		A5323BC32ADABE3300F0A9D8 /* ViewController.swift */ = {isa = PBXFileReference; lastKnownFileType = sourcecode.swift; path = ViewController.swift; sourceTree = "<group>"; };
		A5323BC62ADABE3300F0A9D8 /* Base */ = {isa = PBXFileReference; lastKnownFileType = file.storyboard; name = Base; path = Base.lproj/Main.storyboard; sourceTree = "<group>"; };
		A5323BC82ADABE3400F0A9D8 /* Assets.xcassets */ = {isa = PBXFileReference; lastKnownFileType = folder.assetcatalog; path = Assets.xcassets; sourceTree = "<group>"; };
		A5323BCB2ADABE3400F0A9D8 /* Base */ = {isa = PBXFileReference; lastKnownFileType = file.storyboard; name = Base; path = Base.lproj/LaunchScreen.storyboard; sourceTree = "<group>"; };
		A5323BCD2ADABE3400F0A9D8 /* Info.plist */ = {isa = PBXFileReference; lastKnownFileType = text.plist.xml; path = Info.plist; sourceTree = "<group>"; };
		A5323BD32ADACF9100F0A9D8 /* GameState.swift */ = {isa = PBXFileReference; lastKnownFileType = sourcecode.swift; path = GameState.swift; sourceTree = "<group>"; };
		A5323BD52ADACFA500F0A9D8 /* Sign.swift */ = {isa = PBXFileReference; lastKnownFileType = sourcecode.swift; path = Sign.swift; sourceTree = "<group>"; };
		A5323BD72ADADC7C00F0A9D8 /* ResultViewController.swift */ = {isa = PBXFileReference; lastKnownFileType = sourcecode.swift; path = ResultViewController.swift; sourceTree = "<group>"; };
		A5323BDB2ADAF38200F0A9D8 /* RatingViewController.swift */ = {isa = PBXFileReference; lastKnownFileType = sourcecode.swift; path = RatingViewController.swift; sourceTree = "<group>"; };
		C2CC6EBF298FED6F589CBB2D /* Pods-RockPaperScissors.debug.xcconfig */ = {isa = PBXFileReference; includeInIndex = 1; lastKnownFileType = text.xcconfig; name = "Pods-RockPaperScissors.debug.xcconfig"; path = "Target Support Files/Pods-RockPaperScissors/Pods-RockPaperScissors.debug.xcconfig"; sourceTree = "<group>"; };
		E56B1E9CA060FF578DF84464 /* Pods_RockPaperScissors.framework */ = {isa = PBXFileReference; explicitFileType = wrapper.framework; includeInIndex = 0; path = Pods_RockPaperScissors.framework; sourceTree = BUILT_PRODUCTS_DIR; };
/* End PBXFileReference section */

/* Begin PBXFrameworksBuildPhase section */
		A5323BB92ADABE3300F0A9D8 /* Frameworks */ = {
			isa = PBXFrameworksBuildPhase;
			buildActionMask = 2147483647;
			files = (
				540CBA865D4DCA154C375197 /* Pods_RockPaperScissors.framework in Frameworks */,
			);
			runOnlyForDeploymentPostprocessing = 0;
		};
/* End PBXFrameworksBuildPhase section */

/* Begin PBXGroup section */
		98FC466FEE06E4BA039B2A0A /* Frameworks */ = {
			isa = PBXGroup;
			children = (
				E56B1E9CA060FF578DF84464 /* Pods_RockPaperScissors.framework */,
			);
			name = Frameworks;
			sourceTree = "<group>";
		};
		A5323BB32ADABE3300F0A9D8 = {
			isa = PBXGroup;
			children = (
				A5323BBE2ADABE3300F0A9D8 /* RockPaperScissors */,
				A5323BBD2ADABE3300F0A9D8 /* Products */,
				CE1D0789DE1B53F40A69C439 /* Pods */,
				98FC466FEE06E4BA039B2A0A /* Frameworks */,
			);
			sourceTree = "<group>";
		};
		A5323BBD2ADABE3300F0A9D8 /* Products */ = {
			isa = PBXGroup;
			children = (
				A5323BBC2ADABE3300F0A9D8 /* RockPaperScissors.app */,
			);
			name = Products;
			sourceTree = "<group>";
		};
		A5323BBE2ADABE3300F0A9D8 /* RockPaperScissors */ = {
			isa = PBXGroup;
			children = (
				A5323BBF2ADABE3300F0A9D8 /* AppDelegate.swift */,
				A5323BC12ADABE3300F0A9D8 /* SceneDelegate.swift */,
				A5323BC32ADABE3300F0A9D8 /* ViewController.swift */,
				A5323BD72ADADC7C00F0A9D8 /* ResultViewController.swift */,
				A5323BC52ADABE3300F0A9D8 /* Main.storyboard */,
				A5323BC82ADABE3400F0A9D8 /* Assets.xcassets */,
				A5323BCA2ADABE3400F0A9D8 /* LaunchScreen.storyboard */,
				A5323BCD2ADABE3400F0A9D8 /* Info.plist */,
				A5323BD32ADACF9100F0A9D8 /* GameState.swift */,
				A5323BD52ADACFA500F0A9D8 /* Sign.swift */,
				A5323BDB2ADAF38200F0A9D8 /* RatingViewController.swift */,
			);
			path = RockPaperScissors;
			sourceTree = "<group>";
		};
		CE1D0789DE1B53F40A69C439 /* Pods */ = {
			isa = PBXGroup;
			children = (
				C2CC6EBF298FED6F589CBB2D /* Pods-RockPaperScissors.debug.xcconfig */,
				0BF868AB4813FACC9C19B5F9 /* Pods-RockPaperScissors.release.xcconfig */,
			);
			path = Pods;
			sourceTree = "<group>";
		};
/* End PBXGroup section */

/* Begin PBXNativeTarget section */
		A5323BBB2ADABE3300F0A9D8 /* RockPaperScissors */ = {
			isa = PBXNativeTarget;
			buildConfigurationList = A5323BD02ADABE3400F0A9D8 /* Build configuration list for PBXNativeTarget "RockPaperScissors" */;
			buildPhases = (
				3EE43F29E68645ED3B64790B /* [CP] Check Pods Manifest.lock */,
				A5323BB82ADABE3300F0A9D8 /* Sources */,
				A5323BB92ADABE3300F0A9D8 /* Frameworks */,
				A5323BBA2ADABE3300F0A9D8 /* Resources */,
				640176A5EE8DD4F20B2867A8 /* [CP] Embed Pods Frameworks */,
			);
			buildRules = (
			);
			dependencies = (
			);
			name = RockPaperScissors;
			productName = RockPaperScissors;
			productReference = A5323BBC2ADABE3300F0A9D8 /* RockPaperScissors.app */;
			productType = "com.apple.product-type.application";
		};
/* End PBXNativeTarget section */

/* Begin PBXProject section */
		A5323BB42ADABE3300F0A9D8 /* Project object */ = {
			isa = PBXProject;
			attributes = {
				BuildIndependentTargetsInParallel = 1;
				LastSwiftUpdateCheck = 1420;
				LastUpgradeCheck = 1420;
				TargetAttributes = {
					A5323BBB2ADABE3300F0A9D8 = {
						CreatedOnToolsVersion = 14.2;
					};
				};
			};
			buildConfigurationList = A5323BB72ADABE3300F0A9D8 /* Build configuration list for PBXProject "RockPaperScissors" */;
			compatibilityVersion = "Xcode 14.0";
			developmentRegion = en;
			hasScannedForEncodings = 0;
			knownRegions = (
				en,
				Base,
			);
			mainGroup = A5323BB32ADABE3300F0A9D8;
			productRefGroup = A5323BBD2ADABE3300F0A9D8 /* Products */;
			projectDirPath = "";
			projectRoot = "";
			targets = (
				A5323BBB2ADABE3300F0A9D8 /* RockPaperScissors */,
			);
		};
/* End PBXProject section */

/* Begin PBXResourcesBuildPhase section */
		A5323BBA2ADABE3300F0A9D8 /* Resources */ = {
			isa = PBXResourcesBuildPhase;
			buildActionMask = 2147483647;
			files = (
				A5323BCC2ADABE3400F0A9D8 /* LaunchScreen.storyboard in Resources */,
				A5323BC92ADABE3400F0A9D8 /* Assets.xcassets in Resources */,
				A5323BC72ADABE3300F0A9D8 /* Main.storyboard in Resources */,
			);
			runOnlyForDeploymentPostprocessing = 0;
		};
/* End PBXResourcesBuildPhase section */

/* Begin PBXShellScriptBuildPhase section */
		3EE43F29E68645ED3B64790B /* [CP] Check Pods Manifest.lock */ = {
			isa = PBXShellScriptBuildPhase;
			buildActionMask = 2147483647;
			files = (
			);
			inputFileListPaths = (
			);
			inputPaths = (
				"${PODS_PODFILE_DIR_PATH}/Podfile.lock",
				"${PODS_ROOT}/Manifest.lock",
			);
			name = "[CP] Check Pods Manifest.lock";
			outputFileListPaths = (
			);
			outputPaths = (
				"$(DERIVED_FILE_DIR)/Pods-RockPaperScissors-checkManifestLockResult.txt",
			);
			runOnlyForDeploymentPostprocessing = 0;
			shellPath = /bin/sh;
			shellScript = "diff \"${PODS_PODFILE_DIR_PATH}/Podfile.lock\" \"${PODS_ROOT}/Manifest.lock\" > /dev/null\nif [ $? != 0 ] ; then\n    # print error to STDERR\n    echo \"error: The sandbox is not in sync with the Podfile.lock. Run 'pod install' or update your CocoaPods installation.\" >&2\n    exit 1\nfi\n# This output is used by Xcode 'outputs' to avoid re-running this script phase.\necho \"SUCCESS\" > \"${SCRIPT_OUTPUT_FILE_0}\"\n";
			showEnvVarsInLog = 0;
		};
		640176A5EE8DD4F20B2867A8 /* [CP] Embed Pods Frameworks */ = {
			isa = PBXShellScriptBuildPhase;
			buildActionMask = 2147483647;
			files = (
			);
			inputFileListPaths = (
				"${PODS_ROOT}/Target Support Files/Pods-RockPaperScissors/Pods-RockPaperScissors-frameworks-${CONFIGURATION}-input-files.xcfilelist",
			);
			name = "[CP] Embed Pods Frameworks";
			outputFileListPaths = (
				"${PODS_ROOT}/Target Support Files/Pods-RockPaperScissors/Pods-RockPaperScissors-frameworks-${CONFIGURATION}-output-files.xcfilelist",
			);
			runOnlyForDeploymentPostprocessing = 0;
			shellPath = /bin/sh;
			shellScript = "\"${PODS_ROOT}/Target Support Files/Pods-RockPaperScissors/Pods-RockPaperScissors-frameworks.sh\"\n";
			showEnvVarsInLog = 0;
		};
/* End PBXShellScriptBuildPhase section */

/* Begin PBXSourcesBuildPhase section */
		A5323BB82ADABE3300F0A9D8 /* Sources */ = {
			isa = PBXSourcesBuildPhase;
			buildActionMask = 2147483647;
			files = (
				A5323BC42ADABE3300F0A9D8 /* ViewController.swift in Sources */,
				A5323BDC2ADAF38200F0A9D8 /* RatingViewController.swift in Sources */,
				A5323BD42ADACF9100F0A9D8 /* GameState.swift in Sources */,
				A5323BD62ADACFA500F0A9D8 /* Sign.swift in Sources */,
				A5323BC02ADABE3300F0A9D8 /* AppDelegate.swift in Sources */,
				A5323BC22ADABE3300F0A9D8 /* SceneDelegate.swift in Sources */,
				A5323BD82ADADC7C00F0A9D8 /* ResultViewController.swift in Sources */,
			);
			runOnlyForDeploymentPostprocessing = 0;
		};
/* End PBXSourcesBuildPhase section */

/* Begin PBXVariantGroup section */
		A5323BC52ADABE3300F0A9D8 /* Main.storyboard */ = {
			isa = PBXVariantGroup;
			children = (
				A5323BC62ADABE3300F0A9D8 /* Base */,
			);
			name = Main.storyboard;
			sourceTree = "<group>";
		};
		A5323BCA2ADABE3400F0A9D8 /* LaunchScreen.storyboard */ = {
			isa = PBXVariantGroup;
			children = (
				A5323BCB2ADABE3400F0A9D8 /* Base */,
			);
			name = LaunchScreen.storyboard;
			sourceTree = "<group>";
		};
/* End PBXVariantGroup section */

/* Begin XCBuildConfiguration section */
		A5323BCE2ADABE3400F0A9D8 /* Debug */ = {
			isa = XCBuildConfiguration;
			buildSettings = {
				ALWAYS_SEARCH_USER_PATHS = NO;
				CLANG_ANALYZER_NONNULL = YES;
				CLANG_ANALYZER_NUMBER_OBJECT_CONVERSION = YES_AGGRESSIVE;
				CLANG_CXX_LANGUAGE_STANDARD = "gnu++20";
				CLANG_ENABLE_MODULES = YES;
				CLANG_ENABLE_OBJC_ARC = YES;
				CLANG_ENABLE_OBJC_WEAK = YES;
				CLANG_WARN_BLOCK_CAPTURE_AUTORELEASING = YES;
				CLANG_WARN_BOOL_CONVERSION = YES;
				CLANG_WARN_COMMA = YES;
				CLANG_WARN_CONSTANT_CONVERSION = YES;
				CLANG_WARN_DEPRECATED_OBJC_IMPLEMENTATIONS = YES;
				CLANG_WARN_DIRECT_OBJC_ISA_USAGE = YES_ERROR;
				CLANG_WARN_DOCUMENTATION_COMMENTS = YES;
				CLANG_WARN_EMPTY_BODY = YES;
				CLANG_WARN_ENUM_CONVERSION = YES;
				CLANG_WARN_INFINITE_RECURSION = YES;
				CLANG_WARN_INT_CONVERSION = YES;
				CLANG_WARN_NON_LITERAL_NULL_CONVERSION = YES;
				CLANG_WARN_OBJC_IMPLICIT_RETAIN_SELF = YES;
				CLANG_WARN_OBJC_LITERAL_CONVERSION = YES;
				CLANG_WARN_OBJC_ROOT_CLASS = YES_ERROR;
				CLANG_WARN_QUOTED_INCLUDE_IN_FRAMEWORK_HEADER = YES;
				CLANG_WARN_RANGE_LOOP_ANALYSIS = YES;
				CLANG_WARN_STRICT_PROTOTYPES = YES;
				CLANG_WARN_SUSPICIOUS_MOVE = YES;
				CLANG_WARN_UNGUARDED_AVAILABILITY = YES_AGGRESSIVE;
				CLANG_WARN_UNREACHABLE_CODE = YES;
				CLANG_WARN__DUPLICATE_METHOD_MATCH = YES;
				COPY_PHASE_STRIP = NO;
				DEBUG_INFORMATION_FORMAT = dwarf;
				ENABLE_STRICT_OBJC_MSGSEND = YES;
				ENABLE_TESTABILITY = YES;
				GCC_C_LANGUAGE_STANDARD = gnu11;
				GCC_DYNAMIC_NO_PIC = NO;
				GCC_NO_COMMON_BLOCKS = YES;
				GCC_OPTIMIZATION_LEVEL = 0;
				GCC_PREPROCESSOR_DEFINITIONS = (
					"DEBUG=1",
					"$(inherited)",
				);
				GCC_WARN_64_TO_32_BIT_CONVERSION = YES;
				GCC_WARN_ABOUT_RETURN_TYPE = YES_ERROR;
				GCC_WARN_UNDECLARED_SELECTOR = YES;
				GCC_WARN_UNINITIALIZED_AUTOS = YES_AGGRESSIVE;
				GCC_WARN_UNUSED_FUNCTION = YES;
				GCC_WARN_UNUSED_VARIABLE = YES;
				IPHONEOS_DEPLOYMENT_TARGET = 16.2;
				MTL_ENABLE_DEBUG_INFO = INCLUDE_SOURCE;
				MTL_FAST_MATH = YES;
				ONLY_ACTIVE_ARCH = YES;
				SDKROOT = iphoneos;
				SWIFT_ACTIVE_COMPILATION_CONDITIONS = DEBUG;
				SWIFT_OPTIMIZATION_LEVEL = "-Onone";
			};
			name = Debug;
		};
		A5323BCF2ADABE3400F0A9D8 /* Release */ = {
			isa = XCBuildConfiguration;
			buildSettings = {
				ALWAYS_SEARCH_USER_PATHS = NO;
				CLANG_ANALYZER_NONNULL = YES;
				CLANG_ANALYZER_NUMBER_OBJECT_CONVERSION = YES_AGGRESSIVE;
				CLANG_CXX_LANGUAGE_STANDARD = "gnu++20";
				CLANG_ENABLE_MODULES = YES;
				CLANG_ENABLE_OBJC_ARC = YES;
				CLANG_ENABLE_OBJC_WEAK = YES;
				CLANG_WARN_BLOCK_CAPTURE_AUTORELEASING = YES;
				CLANG_WARN_BOOL_CONVERSION = YES;
				CLANG_WARN_COMMA = YES;
				CLANG_WARN_CONSTANT_CONVERSION = YES;
				CLANG_WARN_DEPRECATED_OBJC_IMPLEMENTATIONS = YES;
				CLANG_WARN_DIRECT_OBJC_ISA_USAGE = YES_ERROR;
				CLANG_WARN_DOCUMENTATION_COMMENTS = YES;
				CLANG_WARN_EMPTY_BODY = YES;
				CLANG_WARN_ENUM_CONVERSION = YES;
				CLANG_WARN_INFINITE_RECURSION = YES;
				CLANG_WARN_INT_CONVERSION = YES;
				CLANG_WARN_NON_LITERAL_NULL_CONVERSION = YES;
				CLANG_WARN_OBJC_IMPLICIT_RETAIN_SELF = YES;
				CLANG_WARN_OBJC_LITERAL_CONVERSION = YES;
				CLANG_WARN_OBJC_ROOT_CLASS = YES_ERROR;
				CLANG_WARN_QUOTED_INCLUDE_IN_FRAMEWORK_HEADER = YES;
				CLANG_WARN_RANGE_LOOP_ANALYSIS = YES;
				CLANG_WARN_STRICT_PROTOTYPES = YES;
				CLANG_WARN_SUSPICIOUS_MOVE = YES;
				CLANG_WARN_UNGUARDED_AVAILABILITY = YES_AGGRESSIVE;
				CLANG_WARN_UNREACHABLE_CODE = YES;
				CLANG_WARN__DUPLICATE_METHOD_MATCH = YES;
				COPY_PHASE_STRIP = NO;
				DEBUG_INFORMATION_FORMAT = "dwarf-with-dsym";
				ENABLE_NS_ASSERTIONS = NO;
				ENABLE_STRICT_OBJC_MSGSEND = YES;
				GCC_C_LANGUAGE_STANDARD = gnu11;
				GCC_NO_COMMON_BLOCKS = YES;
				GCC_WARN_64_TO_32_BIT_CONVERSION = YES;
				GCC_WARN_ABOUT_RETURN_TYPE = YES_ERROR;
				GCC_WARN_UNDECLARED_SELECTOR = YES;
				GCC_WARN_UNINITIALIZED_AUTOS = YES_AGGRESSIVE;
				GCC_WARN_UNUSED_FUNCTION = YES;
				GCC_WARN_UNUSED_VARIABLE = YES;
				IPHONEOS_DEPLOYMENT_TARGET = 16.2;
				MTL_ENABLE_DEBUG_INFO = NO;
				MTL_FAST_MATH = YES;
				SDKROOT = iphoneos;
				SWIFT_COMPILATION_MODE = wholemodule;
				SWIFT_OPTIMIZATION_LEVEL = "-O";
				VALIDATE_PRODUCT = YES;
			};
			name = Release;
		};
		A5323BD12ADABE3400F0A9D8 /* Debug */ = {
			isa = XCBuildConfiguration;
			baseConfigurationReference = C2CC6EBF298FED6F589CBB2D /* Pods-RockPaperScissors.debug.xcconfig */;
			buildSettings = {
				ASSETCATALOG_COMPILER_APPICON_NAME = AppIcon;
				ASSETCATALOG_COMPILER_GLOBAL_ACCENT_COLOR_NAME = AccentColor;
				CODE_SIGN_STYLE = Automatic;
				CURRENT_PROJECT_VERSION = 1;
				DEVELOPMENT_TEAM = M68PAW62J5;
				GENERATE_INFOPLIST_FILE = YES;
				INFOPLIST_FILE = RockPaperScissors/Info.plist;
				INFOPLIST_KEY_UIApplicationSupportsIndirectInputEvents = YES;
				INFOPLIST_KEY_UILaunchStoryboardName = LaunchScreen;
				INFOPLIST_KEY_UIMainStoryboardFile = Main;
				INFOPLIST_KEY_UISupportedInterfaceOrientations_iPad = "UIInterfaceOrientationPortrait UIInterfaceOrientationPortraitUpsideDown UIInterfaceOrientationLandscapeLeft UIInterfaceOrientationLandscapeRight";
				INFOPLIST_KEY_UISupportedInterfaceOrientations_iPhone = "UIInterfaceOrientationPortrait UIInterfaceOrientationLandscapeLeft UIInterfaceOrientationLandscapeRight";
				LD_RUNPATH_SEARCH_PATHS = (
					"$(inherited)",
					"@executable_path/Frameworks",
				);
				MARKETING_VERSION = 1.0;
				PRODUCT_BUNDLE_IDENTIFIER = com.k1selev.RockPaperScissors;
				PRODUCT_NAME = "$(TARGET_NAME)";
				SWIFT_EMIT_LOC_STRINGS = YES;
				SWIFT_VERSION = 5.0;
				TARGETED_DEVICE_FAMILY = "1,2";
			};
			name = Debug;
		};
		A5323BD22ADABE3400F0A9D8 /* Release */ = {
			isa = XCBuildConfiguration;
			baseConfigurationReference = 0BF868AB4813FACC9C19B5F9 /* Pods-RockPaperScissors.release.xcconfig */;
			buildSettings = {
				ASSETCATALOG_COMPILER_APPICON_NAME = AppIcon;
				ASSETCATALOG_COMPILER_GLOBAL_ACCENT_COLOR_NAME = AccentColor;
				CODE_SIGN_STYLE = Automatic;
				CURRENT_PROJECT_VERSION = 1;
				DEVELOPMENT_TEAM = M68PAW62J5;
				GENERATE_INFOPLIST_FILE = YES;
				INFOPLIST_FILE = RockPaperScissors/Info.plist;
				INFOPLIST_KEY_UIApplicationSupportsIndirectInputEvents = YES;
				INFOPLIST_KEY_UILaunchStoryboardName = LaunchScreen;
				INFOPLIST_KEY_UIMainStoryboardFile = Main;
				INFOPLIST_KEY_UISupportedInterfaceOrientations_iPad = "UIInterfaceOrientationPortrait UIInterfaceOrientationPortraitUpsideDown UIInterfaceOrientationLandscapeLeft UIInterfaceOrientationLandscapeRight";
				INFOPLIST_KEY_UISupportedInterfaceOrientations_iPhone = "UIInterfaceOrientationPortrait UIInterfaceOrientationLandscapeLeft UIInterfaceOrientationLandscapeRight";
				LD_RUNPATH_SEARCH_PATHS = (
					"$(inherited)",
					"@executable_path/Frameworks",
				);
				MARKETING_VERSION = 1.0;
				PRODUCT_BUNDLE_IDENTIFIER = com.k1selev.RockPaperScissors;
				PRODUCT_NAME = "$(TARGET_NAME)";
				SWIFT_EMIT_LOC_STRINGS = YES;
				SWIFT_VERSION = 5.0;
				TARGETED_DEVICE_FAMILY = "1,2";
			};
			name = Release;
		};
/* End XCBuildConfiguration section */

/* Begin XCConfigurationList section */
		A5323BB72ADABE3300F0A9D8 /* Build configuration list for PBXProject "RockPaperScissors" */ = {
			isa = XCConfigurationList;
			buildConfigurations = (
				A5323BCE2ADABE3400F0A9D8 /* Debug */,
				A5323BCF2ADABE3400F0A9D8 /* Release */,
			);
			defaultConfigurationIsVisible = 0;
			defaultConfigurationName = Release;
		};
		A5323BD02ADABE3400F0A9D8 /* Build configuration list for PBXNativeTarget "RockPaperScissors" */ = {
			isa = XCConfigurationList;
			buildConfigurations = (
				A5323BD12ADABE3400F0A9D8 /* Debug */,
				A5323BD22ADABE3400F0A9D8 /* Release */,
			);
			defaultConfigurationIsVisible = 0;
			defaultConfigurationName = Release;
		};
/* End XCConfigurationList section */
	};
	rootObject = A5323BB42ADABE3300F0A9D8 /* Project object */;
}
